
Microsoft Visual Studio Solution File, Format Version 12.00
# Visual Studio 2013
VisualStudioVersion = 12.0.30501.0
MinimumVisualStudioVersion = 10.0.40219.1
Project("{FAE04EC0-301F-11D3-BF4B-00C04F79EFBC}") = "JsonConverter", "JsonConverter\JsonConverter.csproj", "{79DC4DA2-875E-46B5-8746-42B9C7EED0D2}"
EndProject
Project("{FAE04EC0-301F-11D3-BF4B-00C04F79EFBC}") = "DicomFile2Json", "DicomFile2Json\DicomFile2Json.csproj", "{B41DB6F9-DA28-465A-B1BF-452BA6184217}"
EndProject
Project("{FAE04EC0-301F-11D3-BF4B-00C04F79EFBC}") = "DicomJsonQuery", "JsonToDicom\DicomJsonQuery.csproj", "{6F3793A0-1C02-4340-A450-E10AC5B6B7CE}"
EndProject
Global
	GlobalSection(SolutionConfigurationPlatforms) = preSolution
		Debug|Any CPU = Debug|Any CPU
		Debug|Mixed Platforms = Debug|Mixed Platforms
		Debug|x86 = Debug|x86
		Release|Any CPU = Release|Any CPU
		Release|Mixed Platforms = Release|Mixed Platforms
		Release|x86 = Release|x86
	EndGlobalSection
	GlobalSection(ProjectConfigurationPlatforms) = postSolution
		{79DC4DA2-875E-46B5-8746-42B9C7EED0D2}.Debug|Any CPU.ActiveCfg = Debug|Any CPU
		{79DC4DA2-875E-46B5-8746-42B9C7EED0D2}.Debug|Any CPU.Build.0 = Debug|Any CPU
		{79DC4DA2-875E-46B5-8746-42B9C7EED0D2}.Debug|Mixed Platforms.ActiveCfg = Debug|Any CPU
		{79DC4DA2-875E-46B5-8746-42B9C7EED0D2}.Debug|Mixed Platforms.Build.0 = Debug|Any CPU
		{79DC4DA2-875E-46B5-8746-42B9C7EED0D2}.Debug|x86.ActiveCfg = Debug|Any CPU
		{79DC4DA2-875E-46B5-8746-42B9C7EED0D2}.Release|Any CPU.ActiveCfg = Release|Any CPU
		{79DC4DA2-875E-46B5-8746-42B9C7EED0D2}.Release|Any CPU.Build.0 = Release|Any CPU
		{79DC4DA2-875E-46B5-8746-42B9C7EED0D2}.Release|Mixed Platforms.ActiveCfg = Release|Any CPU
		{79DC4DA2-875E-46B5-8746-42B9C7EED0D2}.Release|Mixed Platforms.Build.0 = Release|Any CPU
		{79DC4DA2-875E-46B5-8746-42B9C7EED0D2}.Release|x86.ActiveCfg = Release|Any CPU
		{B41DB6F9-DA28-465A-B1BF-452BA6184217}.Debug|Any CPU.ActiveCfg = Debug|x86
		{B41DB6F9-DA28-465A-B1BF-452BA6184217}.Debug|Mixed Platforms.ActiveCfg = Debug|x86
		{B41DB6F9-DA28-465A-B1BF-452BA6184217}.Debug|Mixed Platforms.Build.0 = Debug|x86
		{B41DB6F9-DA28-465A-B1BF-452BA6184217}.Debug|x86.ActiveCfg = Debug|x86
		{B41DB6F9-DA28-465A-B1BF-452BA6184217}.Debug|x86.Build.0 = Debug|x86
		{B41DB6F9-DA28-465A-B1BF-452BA6184217}.Release|Any CPU.ActiveCfg = Release|x86
		{B41DB6F9-DA28-465A-B1BF-452BA6184217}.Release|Mixed Platforms.ActiveCfg = Release|x86
		{B41DB6F9-DA28-465A-B1BF-452BA6184217}.Release|Mixed Platforms.Build.0 = Release|x86
		{B41DB6F9-DA28-465A-B1BF-452BA6184217}.Release|x86.ActiveCfg = Release|x86
		{B41DB6F9-DA28-465A-B1BF-452BA6184217}.Release|x86.Build.0 = Release|x86
		{6F3793A0-1C02-4340-A450-E10AC5B6B7CE}.Debug|Any CPU.ActiveCfg = Debug|Any CPU
		{6F3793A0-1C02-4340-A450-E10AC5B6B7CE}.Debug|Any CPU.Build.0 = Debug|Any CPU
		{6F3793A0-1C02-4340-A450-E10AC5B6B7CE}.Debug|Mixed Platforms.ActiveCfg = Debug|Any CPU
		{6F3793A0-1C02-4340-A450-E10AC5B6B7CE}.Debug|Mixed Platforms.Build.0 = Debug|Any CPU
		{6F3793A0-1C02-4340-A450-E10AC5B6B7CE}.Debug|x86.ActiveCfg = Debug|Any CPU
		{6F3793A0-1C02-4340-A450-E10AC5B6B7CE}.Release|Any CPU.ActiveCfg = Release|Any CPU
		{6F3793A0-1C02-4340-A450-E10AC5B6B7CE}.Release|Any CPU.Build.0 = Release|Any CPU
		{6F3793A0-1C02-4340-A450-E10AC5B6B7CE}.Release|Mixed Platforms.ActiveCfg = Release|Any CPU
		{6F3793A0-1C02-4340-A450-E10AC5B6B7CE}.Release|Mixed Platforms.Build.0 = Release|Any CPU
		{6F3793A0-1C02-4340-A450-E10AC5B6B7CE}.Release|x86.ActiveCfg = Release|Any CPU
	EndGlobalSection
	GlobalSection(SolutionProperties) = preSolution
		HideSolutionNode = FALSE
	EndGlobalSection
EndGlobal
