
Microsoft Visual Studio Solution File, Format Version 11.00
# Visual Studio 2010
Project("{FAE04EC0-301F-11D3-BF4B-00C04F79EFBC}") = "JsonConverter", "JsonConverter\JsonConverter.csproj", "{79DC4DA2-875E-46B5-8746-42B9C7EED0D2}"
EndProject
Project("{FAE04EC0-301F-11D3-BF4B-00C04F79EFBC}") = "DicomFile2Json", "DicomFile2Json\DicomFile2Json.csproj", "{B41DB6F9-DA28-465A-B1BF-452BA6184217}"
EndProject
Project("{FAE04EC0-301F-11D3-BF4B-00C04F79EFBC}") = "DICOM", "..\fo-dicom\DICOM\DICOM.csproj", "{D6E309B0-4837-459E-8C85-ABC268440D62}"
EndProject
Global
	GlobalSection(SolutionConfigurationPlatforms) = preSolution
		Debug|Any CPU = Debug|Any CPU
		Debug|Mixed Platforms = Debug|Mixed Platforms
		Debug|x86 = Debug|x86
		Release|Any CPU = Release|Any CPU
		Release|Mixed Platforms = Release|Mixed Platforms
		Release|x86 = Release|x86
	EndGlobalSection
	GlobalSection(ProjectConfigurationPlatforms) = postSolution
		{79DC4DA2-875E-46B5-8746-42B9C7EED0D2}.Debug|Any CPU.ActiveCfg = Debug|Any CPU
		{79DC4DA2-875E-46B5-8746-42B9C7EED0D2}.Debug|Any CPU.Build.0 = Debug|Any CPU
		{79DC4DA2-875E-46B5-8746-42B9C7EED0D2}.Debug|Mixed Platforms.ActiveCfg = Debug|Any CPU
		{79DC4DA2-875E-46B5-8746-42B9C7EED0D2}.Debug|Mixed Platforms.Build.0 = Debug|Any CPU
		{79DC4DA2-875E-46B5-8746-42B9C7EED0D2}.Debug|x86.ActiveCfg = Debug|Any CPU
		{79DC4DA2-875E-46B5-8746-42B9C7EED0D2}.Release|Any CPU.ActiveCfg = Release|Any CPU
		{79DC4DA2-875E-46B5-8746-42B9C7EED0D2}.Release|Any CPU.Build.0 = Release|Any CPU
		{79DC4DA2-875E-46B5-8746-42B9C7EED0D2}.Release|Mixed Platforms.ActiveCfg = Release|Any CPU
		{79DC4DA2-875E-46B5-8746-42B9C7EED0D2}.Release|Mixed Platforms.Build.0 = Release|Any CPU
		{79DC4DA2-875E-46B5-8746-42B9C7EED0D2}.Release|x86.ActiveCfg = Release|Any CPU
		{B41DB6F9-DA28-465A-B1BF-452BA6184217}.Debug|Any CPU.ActiveCfg = Debug|x86
		{B41DB6F9-DA28-465A-B1BF-452BA6184217}.Debug|Mixed Platforms.ActiveCfg = Debug|x86
		{B41DB6F9-DA28-465A-B1BF-452BA6184217}.Debug|Mixed Platforms.Build.0 = Debug|x86
		{B41DB6F9-DA28-465A-B1BF-452BA6184217}.Debug|x86.ActiveCfg = Debug|x86
		{B41DB6F9-DA28-465A-B1BF-452BA6184217}.Debug|x86.Build.0 = Debug|x86
		{B41DB6F9-DA28-465A-B1BF-452BA6184217}.Release|Any CPU.ActiveCfg = Release|x86
		{B41DB6F9-DA28-465A-B1BF-452BA6184217}.Release|Mixed Platforms.ActiveCfg = Release|x86
		{B41DB6F9-DA28-465A-B1BF-452BA6184217}.Release|Mixed Platforms.Build.0 = Release|x86
		{B41DB6F9-DA28-465A-B1BF-452BA6184217}.Release|x86.ActiveCfg = Release|x86
		{B41DB6F9-DA28-465A-B1BF-452BA6184217}.Release|x86.Build.0 = Release|x86
		{D6E309B0-4837-459E-8C85-ABC268440D62}.Debug|Any CPU.ActiveCfg = Debug|Any CPU
		{D6E309B0-4837-459E-8C85-ABC268440D62}.Debug|Any CPU.Build.0 = Debug|Any CPU
		{D6E309B0-4837-459E-8C85-ABC268440D62}.Debug|Mixed Platforms.ActiveCfg = Debug|Any CPU
		{D6E309B0-4837-459E-8C85-ABC268440D62}.Debug|Mixed Platforms.Build.0 = Debug|Any CPU
		{D6E309B0-4837-459E-8C85-ABC268440D62}.Debug|x86.ActiveCfg = Debug|Any CPU
		{D6E309B0-4837-459E-8C85-ABC268440D62}.Release|Any CPU.ActiveCfg = Release|Any CPU
		{D6E309B0-4837-459E-8C85-ABC268440D62}.Release|Any CPU.Build.0 = Release|Any CPU
		{D6E309B0-4837-459E-8C85-ABC268440D62}.Release|Mixed Platforms.ActiveCfg = Release|Any CPU
		{D6E309B0-4837-459E-8C85-ABC268440D62}.Release|Mixed Platforms.Build.0 = Release|Any CPU
		{D6E309B0-4837-459E-8C85-ABC268440D62}.Release|x86.ActiveCfg = Release|Any CPU
	EndGlobalSection
	GlobalSection(SolutionProperties) = preSolution
		HideSolutionNode = FALSE
	EndGlobalSection
EndGlobal
